
Microsoft Visual Studio Solution File, Format Version 12.00
# Visual Studio Version 17
VisualStudioVersion = 17.14.37111.16 d17.14
MinimumVisualStudioVersion = 10.0.40219.1
Project("{FAE04EC0-301F-11D3-BF4B-00C04F79EFBC}") = "LibraryApp123", "LibraryApp123\LibraryApp123.csproj", "{20FFB877-544D-48C2-8EA2-2397E0EC266D}"
EndProject
Global
	GlobalSection(SolutionConfigurationPlatforms) = preSolution
		Debug|Any CPU = Debug|Any CPU
		Release|Any CPU = Release|Any CPU
	EndGlobalSection
	GlobalSection(ProjectConfigurationPlatforms) = postSolution
		{20FFB877-544D-48C2-8EA2-2397E0EC266D}.Debug|Any CPU.ActiveCfg = Debug|Any CPU
		{20FFB877-544D-48C2-8EA2-2397E0EC266D}.Debug|Any CPU.Build.0 = Debug|Any CPU
		{20FFB877-544D-48C2-8EA2-2397E0EC266D}.Release|Any CPU.ActiveCfg = Release|Any CPU
		{20FFB877-544D-48C2-8EA2-2397E0EC266D}.Release|Any CPU.Build.0 = Release|Any CPU
	EndGlobalSection
	GlobalSection(SolutionProperties) = preSolution
		HideSolutionNode = FALSE
	EndGlobalSection
	GlobalSection(ExtensibilityGlobals) = postSolution
		SolutionGuid = {31942E29-9EDC-4204-89C3-18D7AAFEE892}
	EndGlobalSection
EndGlobal
